// !$*UTF8*$!
{
	archiveVersion = 1;
	classes = {
	};
	objectVersion = 46;
	objects = {

/* Begin PBXBuildFile section */
		07ACA6F71EEE962600F8E633 /* green.png in Resources */ = {isa = PBXBuildFile; fileRef = 07ACA6F61EEE962600F8E633 /* green.png */; };
		07FCC5BD1EEE892700453982 /* AppDelegate.swift in Sources */ = {isa = PBXBuildFile; fileRef = 07FCC5BC1EEE892700453982 /* AppDelegate.swift */; };
		07FCC5BF1EEE892700453982 /* ViewController.swift in Sources */ = {isa = PBXBuildFile; fileRef = 07FCC5BE1EEE892700453982 /* ViewController.swift */; };
		07FCC5C21EEE892700453982 /* Main.storyboard in Resources */ = {isa = PBXBuildFile; fileRef = 07FCC5C01EEE892700453982 /* Main.storyboard */; };
		07FCC5C41EEE892700453982 /* Assets.xcassets in Resources */ = {isa = PBXBuildFile; fileRef = 07FCC5C31EEE892700453982 /* Assets.xcassets */; };
		07FCC5C71EEE892700453982 /* LaunchScreen.storyboard in Resources */ = {isa = PBXBuildFile; fileRef = 07FCC5C51EEE892700453982 /* LaunchScreen.storyboard */; };
/* End PBXBuildFile section */

/* Begin PBXFileReference section */
		07ACA6F61EEE962600F8E633 /* green.png */ = {isa = PBXFileReference; lastKnownFileType = image.png; path = green.png; sourceTree = "<group>"; };
		07FCC5B91EEE892700453982 /* drawBall.app */ = {isa = PBXFileReference; explicitFileType = wrapper.application; includeInIndex = 0; path = drawBall.app; sourceTree = BUILT_PRODUCTS_DIR; };
		07FCC5BC1EEE892700453982 /* AppDelegate.swift */ = {isa = PBXFileReference; lastKnownFileType = sourcecode.swift; path = AppDelegate.swift; sourceTree = "<group>"; };
		07FCC5BE1EEE892700453982 /* ViewController.swift */ = {isa = PBXFileReference; lastKnownFileType = sourcecode.swift; path = ViewController.swift; sourceTree = "<group>"; };
		07FCC5C11EEE892700453982 /* Base */ = {isa = PBXFileReference; lastKnownFileType = file.storyboard; name = Base; path = Base.lproj/Main.storyboard; sourceTree = "<group>"; };
		07FCC5C31EEE892700453982 /* Assets.xcassets */ = {isa = PBXFileReference; lastKnownFileType = folder.assetcatalog; path = Assets.xcassets; sourceTree = "<group>"; };
		07FCC5C61EEE892700453982 /* Base */ = {isa = PBXFileReference; lastKnownFileType = file.storyboard; name = Base; path = Base.lproj/LaunchScreen.storyboard; sourceTree = "<group>"; };
		07FCC5C81EEE892700453982 /* Info.plist */ = {isa = PBXFileReference; lastKnownFileType = text.plist.xml; path = Info.plist; sourceTree = "<group>"; };
/* End PBXFileReference section */

/* Begin PBXFrameworksBuildPhase section */
		07FCC5B61EEE892700453982 /* Frameworks */ = {
			isa = PBXFrameworksBuildPhase;
			buildActionMask = 2147483647;
			files = (
			);
			runOnlyForDeploymentPostprocessing = 0;
		};
/* End PBXFrameworksBuildPhase section */

/* Begin PBXGroup section */
		07FCC5B01EEE892700453982 = {
			isa = PBXGroup;
			children = (
				07FCC5BB1EEE892700453982 /* drawBall */,
				07FCC5BA1EEE892700453982 /* Products */,
			);
			sourceTree = "<group>";
		};
		07FCC5BA1EEE892700453982 /* Products */ = {
			isa = PBXGroup;
			children = (
				07FCC5B91EEE892700453982 /* drawBall.app */,
			);
			name = Products;
			sourceTree = "<group>";
		};
		07FCC5BB1EEE892700453982 /* drawBall */ = {
			isa = PBXGroup;
			children = (
				07FCC5BC1EEE892700453982 /* AppDelegate.swift */,
				07FCC5BE1EEE892700453982 /* ViewController.swift */,
				07FCC5C01EEE892700453982 /* Main.storyboard */,
				07ACA6F61EEE962600F8E633 /* green.png */,
				07FCC5C31EEE892700453982 /* Assets.xcassets */,
				07FCC5C51EEE892700453982 /* LaunchScreen.storyboard */,
				07FCC5C81EEE892700453982 /* Info.plist */,
			);
			path = drawBall;
			sourceTree = "<group>";
		};
/* End PBXGroup section */

/* Begin PBXNativeTarget section */
		07FCC5B81EEE892700453982 /* drawBall */ = {
			isa = PBXNativeTarget;
			buildConfigurationList = 07FCC5CB1EEE892700453982 /* Build configuration list for PBXNativeTarget "drawBall" */;
			buildPhases = (
				07FCC5B51EEE892700453982 /* Sources */,
				07FCC5B61EEE892700453982 /* Frameworks */,
				07FCC5B71EEE892700453982 /* Resources */,
			);
			buildRules = (
			);
			dependencies = (
			);
			name = drawBall;
			productName = drawBall;
			productReference = 07FCC5B91EEE892700453982 /* drawBall.app */;
			productType = "com.apple.product-type.application";
		};
/* End PBXNativeTarget section */

/* Begin PBXProject section */
		07FCC5B11EEE892700453982 /* Project object */ = {
			isa = PBXProject;
			attributes = {
				LastSwiftUpdateCheck = 0810;
				LastUpgradeCheck = 0810;
				ORGANIZATIONNAME = "Kien Nguyen";
				TargetAttributes = {
					07FCC5B81EEE892700453982 = {
						CreatedOnToolsVersion = 8.1;
						DevelopmentTeam = MJ777Q76VF;
						ProvisioningStyle = Automatic;
					};
				};
			};
			buildConfigurationList = 07FCC5B41EEE892700453982 /* Build configuration list for PBXProject "drawBall" */;
			compatibilityVersion = "Xcode 3.2";
			developmentRegion = English;
			hasScannedForEncodings = 0;
			knownRegions = (
				en,
				Base,
			);
			mainGroup = 07FCC5B01EEE892700453982;
			productRefGroup = 07FCC5BA1EEE892700453982 /* Products */;
			projectDirPath = "";
			projectRoot = "";
			targets = (
				07FCC5B81EEE892700453982 /* drawBall */,
			);
		};
/* End PBXProject section */

/* Begin PBXResourcesBuildPhase section */
		07FCC5B71EEE892700453982 /* Resources */ = {
			isa = PBXResourcesBuildPhase;
			buildActionMask = 2147483647;
			files = (
				07FCC5C71EEE892700453982 /* LaunchScreen.storyboard in Resources */,
				07ACA6F71EEE962600F8E633 /* green.png in Resources */,
				07FCC5C41EEE892700453982 /* Assets.xcassets in Resources */,
				07FCC5C21EEE892700453982 /* Main.storyboard in Resources */,
			);
			runOnlyForDeploymentPostprocessing = 0;
		};
/* End PBXResourcesBuildPhase section */

/* Begin PBXSourcesBuildPhase section */
		07FCC5B51EEE892700453982 /* Sources */ = {
			isa = PBXSourcesBuildPhase;
			buildActionMask = 2147483647;
			files = (
				07FCC5BF1EEE892700453982 /* ViewController.swift in Sources */,
				07FCC5BD1EEE892700453982 /* AppDelegate.swift in Sources */,
			);
			runOnlyForDeploymentPostprocessing = 0;
		};
/* End PBXSourcesBuildPhase section */

/* Begin PBXVariantGroup section */
		07FCC5C01EEE892700453982 /* Main.storyboard */ = {
			isa = PBXVariantGroup;
			children = (
				07FCC5C11EEE892700453982 /* Base */,
			);
			name = Main.storyboard;
			sourceTree = "<group>";
		};
		07FCC5C51EEE892700453982 /* LaunchScreen.storyboard */ = {
			isa = PBXVariantGroup;
			children = (
				07FCC5C61EEE892700453982 /* Base */,
			);
			name = LaunchScreen.storyboard;
			sourceTree = "<group>";
		};
/* End PBXVariantGroup section */

/* Begin XCBuildConfiguration section */
		07FCC5C91EEE892700453982 /* Debug */ = {
			isa = XCBuildConfiguration;
			buildSettings = {
				ALWAYS_SEARCH_USER_PATHS = NO;
				CLANG_ANALYZER_NONNULL = YES;
				CLANG_CXX_LANGUAGE_STANDARD = "gnu++0x";
				CLANG_CXX_LIBRARY = "libc++";
				CLANG_ENABLE_MODULES = YES;
				CLANG_ENABLE_OBJC_ARC = YES;
				CLANG_WARN_BOOL_CONVERSION = YES;
				CLANG_WARN_CONSTANT_CONVERSION = YES;
				CLANG_WARN_DIRECT_OBJC_ISA_USAGE = YES_ERROR;
				CLANG_WARN_DOCUMENTATION_COMMENTS = YES;
				CLANG_WARN_EMPTY_BODY = YES;
				CLANG_WARN_ENUM_CONVERSION = YES;
				CLANG_WARN_INFINITE_RECURSION = YES;
				CLANG_WARN_INT_CONVERSION = YES;
				CLANG_WARN_OBJC_ROOT_CLASS = YES_ERROR;
				CLANG_WARN_SUSPICIOUS_MOVES = YES;
				CLANG_WARN_UNREACHABLE_CODE = YES;
				CLANG_WARN__DUPLICATE_METHOD_MATCH = YES;
				"CODE_SIGN_IDENTITY[sdk=iphoneos*]" = "iPhone Developer";
				COPY_PHASE_STRIP = NO;
				DEBUG_INFORMATION_FORMAT = dwarf;
				ENABLE_STRICT_OBJC_MSGSEND = YES;
				ENABLE_TESTABILITY = YES;
				GCC_C_LANGUAGE_STANDARD = gnu99;
				GCC_DYNAMIC_NO_PIC = NO;
				GCC_NO_COMMON_BLOCKS = YES;
				GCC_OPTIMIZATION_LEVEL = 0;
				GCC_PREPROCESSOR_DEFINITIONS = (
					"DEBUG=1",
					"$(inherited)",
				);
				GCC_WARN_64_TO_32_BIT_CONVERSION = YES;
				GCC_WARN_ABOUT_RETURN_TYPE = YES_ERROR;
				GCC_WARN_UNDECLARED_SELECTOR = YES;
				GCC_WARN_UNINITIALIZED_AUTOS = YES_AGGRESSIVE;
				GCC_WARN_UNUSED_FUNCTION = YES;
				GCC_WARN_UNUSED_VARIABLE = YES;
				IPHONEOS_DEPLOYMENT_TARGET = 10.1;
				MTL_ENABLE_DEBUG_INFO = YES;
				ONLY_ACTIVE_ARCH = YES;
				SDKROOT = iphoneos;
				SWIFT_ACTIVE_COMPILATION_CONDITIONS = DEBUG;
				SWIFT_OPTIMIZATION_LEVEL = "-Onone";
			};
			name = Debug;
		};
		07FCC5CA1EEE892700453982 /* Release */ = {
			isa = XCBuildConfiguration;
			buildSettings = {
				ALWAYS_SEARCH_USER_PATHS = NO;
				CLANG_ANALYZER_NONNULL = YES;
				CLANG_CXX_LANGUAGE_STANDARD = "gnu++0x";
				CLANG_CXX_LIBRARY = "libc++";
				CLANG_ENABLE_MODULES = YES;
				CLANG_ENABLE_OBJC_ARC = YES;
				CLANG_WARN_BOOL_CONVERSION = YES;
				CLANG_WARN_CONSTANT_CONVERSION = YES;
				CLANG_WARN_DIRECT_OBJC_ISA_USAGE = YES_ERROR;
				CLANG_WARN_DOCUMENTATION_COMMENTS = YES;
				CLANG_WARN_EMPTY_BODY = YES;
				CLANG_WARN_ENUM_CONVERSION = YES;
				CLANG_WARN_INFINITE_RECURSION = YES;
				CLANG_WARN_INT_CONVERSION = YES;
				CLANG_WARN_OBJC_ROOT_CLASS = YES_ERROR;
				CLANG_WARN_SUSPICIOUS_MOVES = YES;
				CLANG_WARN_UNREACHABLE_CODE = YES;
				CLANG_WARN__DUPLICATE_METHOD_MATCH = YES;
				"CODE_SIGN_IDENTITY[sdk=iphoneos*]" = "iPhone Developer";
				COPY_PHASE_STRIP = NO;
				DEBUG_INFORMATION_FORMAT = "dwarf-with-dsym";
				ENABLE_NS_ASSERTIONS = NO;
				ENABLE_STRICT_OBJC_MSGSEND = YES;
				GCC_C_LANGUAGE_STANDARD = gnu99;
				GCC_NO_COMMON_BLOCKS = YES;
				GCC_WARN_64_TO_32_BIT_CONVERSION = YES;
				GCC_WARN_ABOUT_RETURN_TYPE = YES_ERROR;
				GCC_WARN_UNDECLARED_SELECTOR = YES;
				GCC_WARN_UNINITIALIZED_AUTOS = YES_AGGRESSIVE;
				GCC_WARN_UNUSED_FUNCTION = YES;
				GCC_WARN_UNUSED_VARIABLE = YES;
				IPHONEOS_DEPLOYMENT_TARGET = 10.1;
				MTL_ENABLE_DEBUG_INFO = NO;
				SDKROOT = iphoneos;
				SWIFT_OPTIMIZATION_LEVEL = "-Owholemodule";
				VALIDATE_PRODUCT = YES;
			};
			name = Release;
		};
		07FCC5CC1EEE892700453982 /* Debug */ = {
			isa = XCBuildConfiguration;
			buildSettings = {
				ASSETCATALOG_COMPILER_APPICON_NAME = AppIcon;
				DEVELOPMENT_TEAM = MJ777Q76VF;
				INFOPLIST_FILE = drawBall/Info.plist;
				LD_RUNPATH_SEARCH_PATHS = "$(inherited) @executable_path/Frameworks";
				PRODUCT_BUNDLE_IDENTIFIER = nguyenduckien.drawBall;
				PRODUCT_NAME = "$(TARGET_NAME)";
				SWIFT_VERSION = 3.0;
			};
			name = Debug;
		};
		07FCC5CD1EEE892700453982 /* Release */ = {
			isa = XCBuildConfiguration;
			buildSettings = {
				ASSETCATALOG_COMPILER_APPICON_NAME = AppIcon;
				DEVELOPMENT_TEAM = MJ777Q76VF;
				INFOPLIST_FILE = drawBall/Info.plist;
				LD_RUNPATH_SEARCH_PATHS = "$(inherited) @executable_path/Frameworks";
				PRODUCT_BUNDLE_IDENTIFIER = nguyenduckien.drawBall;
				PRODUCT_NAME = "$(TARGET_NAME)";
				SWIFT_VERSION = 3.0;
			};
			name = Release;
		};
/* End XCBuildConfiguration section */

/* Begin XCConfigurationList section */
		07FCC5B41EEE892700453982 /* Build configuration list for PBXProject "drawBall" */ = {
			isa = XCConfigurationList;
			buildConfigurations = (
				07FCC5C91EEE892700453982 /* Debug */,
				07FCC5CA1EEE892700453982 /* Release */,
			);
			defaultConfigurationIsVisible = 0;
			defaultConfigurationName = Release;
		};
		07FCC5CB1EEE892700453982 /* Build configuration list for PBXNativeTarget "drawBall" */ = {
			isa = XCConfigurationList;
			buildConfigurations = (
				07FCC5CC1EEE892700453982 /* Debug */,
				07FCC5CD1EEE892700453982 /* Release */,
			);
			defaultConfigurationIsVisible = 0;
			defaultConfigurationName = Release;
		};
/* End XCConfigurationList section */
	};
	rootObject = 07FCC5B11EEE892700453982 /* Project object */;
}
